// !$*UTF8*$!
{
	archiveVersion = 1;
	classes = {
	};
	objectVersion = 55;
	objects = {

/* Begin PBXBuildFile section */
		249A49C028717D2F000C7787 /* newappeApp.swift in Sources */ = {isa = PBXBuildFile; fileRef = 249A49BF28717D2F000C7787 /* newappeApp.swift */; };
		249A49C428717D31000C7787 /* Assets.xcassets in Resources */ = {isa = PBXBuildFile; fileRef = 249A49C328717D31000C7787 /* Assets.xcassets */; };
		249A49C728717D31000C7787 /* Preview Assets.xcassets in Resources */ = {isa = PBXBuildFile; fileRef = 249A49C628717D31000C7787 /* Preview Assets.xcassets */; };
		249A49D128717D31000C7787 /* newappeTests.swift in Sources */ = {isa = PBXBuildFile; fileRef = 249A49D028717D31000C7787 /* newappeTests.swift */; };
		249A49DB28717D31000C7787 /* newappeUITests.swift in Sources */ = {isa = PBXBuildFile; fileRef = 249A49DA28717D31000C7787 /* newappeUITests.swift */; };
		249A49DD28717D31000C7787 /* newappeUITestsLaunchTests.swift in Sources */ = {isa = PBXBuildFile; fileRef = 249A49DC28717D31000C7787 /* newappeUITestsLaunchTests.swift */; };
		249A49EA2871EB4A000C7787 /* LandmarkList.swift in Sources */ = {isa = PBXBuildFile; fileRef = 249A49E92871EB49000C7787 /* LandmarkList.swift */; };
		249A49EC2871F68D000C7787 /* Landmark.swift in Sources */ = {isa = PBXBuildFile; fileRef = 249A49EB2871F68D000C7787 /* Landmark.swift */; };
/* End PBXBuildFile section */

/* Begin PBXContainerItemProxy section */
		249A49CD28717D31000C7787 /* PBXContainerItemProxy */ = {
			isa = PBXContainerItemProxy;
			containerPortal = 249A49B428717D2F000C7787 /* Project object */;
			proxyType = 1;
			remoteGlobalIDString = 249A49BB28717D2F000C7787;
			remoteInfo = newappe;
		};
		249A49D728717D31000C7787 /* PBXContainerItemProxy */ = {
			isa = PBXContainerItemProxy;
			containerPortal = 249A49B428717D2F000C7787 /* Project object */;
			proxyType = 1;
			remoteGlobalIDString = 249A49BB28717D2F000C7787;
			remoteInfo = newappe;
		};
/* End PBXContainerItemProxy section */

/* Begin PBXFileReference section */
		249A49BC28717D2F000C7787 /* newappe.app */ = {isa = PBXFileReference; explicitFileType = wrapper.application; includeInIndex = 0; path = newappe.app; sourceTree = BUILT_PRODUCTS_DIR; };
		249A49BF28717D2F000C7787 /* newappeApp.swift */ = {isa = PBXFileReference; lastKnownFileType = sourcecode.swift; path = newappeApp.swift; sourceTree = "<group>"; };
		249A49C328717D31000C7787 /* Assets.xcassets */ = {isa = PBXFileReference; lastKnownFileType = folder.assetcatalog; path = Assets.xcassets; sourceTree = "<group>"; };
		249A49C628717D31000C7787 /* Preview Assets.xcassets */ = {isa = PBXFileReference; lastKnownFileType = folder.assetcatalog; path = "Preview Assets.xcassets"; sourceTree = "<group>"; };
		249A49CC28717D31000C7787 /* newappeTests.xctest */ = {isa = PBXFileReference; explicitFileType = wrapper.cfbundle; includeInIndex = 0; path = newappeTests.xctest; sourceTree = BUILT_PRODUCTS_DIR; };
		249A49D028717D31000C7787 /* newappeTests.swift */ = {isa = PBXFileReference; lastKnownFileType = sourcecode.swift; path = newappeTests.swift; sourceTree = "<group>"; };
		249A49D628717D31000C7787 /* newappeUITests.xctest */ = {isa = PBXFileReference; explicitFileType = wrapper.cfbundle; includeInIndex = 0; path = newappeUITests.xctest; sourceTree = BUILT_PRODUCTS_DIR; };
		249A49DA28717D31000C7787 /* newappeUITests.swift */ = {isa = PBXFileReference; lastKnownFileType = sourcecode.swift; path = newappeUITests.swift; sourceTree = "<group>"; };
		249A49DC28717D31000C7787 /* newappeUITestsLaunchTests.swift */ = {isa = PBXFileReference; lastKnownFileType = sourcecode.swift; path = newappeUITestsLaunchTests.swift; sourceTree = "<group>"; };
		249A49E92871EB49000C7787 /* LandmarkList.swift */ = {isa = PBXFileReference; lastKnownFileType = sourcecode.swift; path = LandmarkList.swift; sourceTree = "<group>"; };
		249A49EB2871F68D000C7787 /* Landmark.swift */ = {isa = PBXFileReference; lastKnownFileType = sourcecode.swift; path = Landmark.swift; sourceTree = "<group>"; };
/* End PBXFileReference section */

/* Begin PBXFrameworksBuildPhase section */
		249A49B928717D2F000C7787 /* Frameworks */ = {
			isa = PBXFrameworksBuildPhase;
			buildActionMask = 2147483647;
			files = (
			);
			runOnlyForDeploymentPostprocessing = 0;
		};
		249A49C928717D31000C7787 /* Frameworks */ = {
			isa = PBXFrameworksBuildPhase;
			buildActionMask = 2147483647;
			files = (
			);
			runOnlyForDeploymentPostprocessing = 0;
		};
		249A49D328717D31000C7787 /* Frameworks */ = {
			isa = PBXFrameworksBuildPhase;
			buildActionMask = 2147483647;
			files = (
			);
			runOnlyForDeploymentPostprocessing = 0;
		};
/* End PBXFrameworksBuildPhase section */

/* Begin PBXGroup section */
		249A49B328717D2F000C7787 = {
			isa = PBXGroup;
			children = (
				249A49BE28717D2F000C7787 /* newappe */,
				249A49CF28717D31000C7787 /* newappeTests */,
				249A49D928717D31000C7787 /* newappeUITests */,
				249A49BD28717D2F000C7787 /* Products */,
			);
			sourceTree = "<group>";
		};
		249A49BD28717D2F000C7787 /* Products */ = {
			isa = PBXGroup;
			children = (
				249A49BC28717D2F000C7787 /* newappe.app */,
				249A49CC28717D31000C7787 /* newappeTests.xctest */,
				249A49D628717D31000C7787 /* newappeUITests.xctest */,
			);
			name = Products;
			sourceTree = "<group>";
		};
		249A49BE28717D2F000C7787 /* newappe */ = {
			isa = PBXGroup;
			children = (
				249A49BF28717D2F000C7787 /* newappeApp.swift */,
				249A49E92871EB49000C7787 /* LandmarkList.swift */,
				249A49EB2871F68D000C7787 /* Landmark.swift */,
				249A49C328717D31000C7787 /* Assets.xcassets */,
				249A49C528717D31000C7787 /* Preview Content */,
			);
			path = newappe;
			sourceTree = "<group>";
		};
		249A49C528717D31000C7787 /* Preview Content */ = {
			isa = PBXGroup;
			children = (
				249A49C628717D31000C7787 /* Preview Assets.xcassets */,
			);
			path = "Preview Content";
			sourceTree = "<group>";
		};
		249A49CF28717D31000C7787 /* newappeTests */ = {
			isa = PBXGroup;
			children = (
				249A49D028717D31000C7787 /* newappeTests.swift */,
			);
			path = newappeTests;
			sourceTree = "<group>";
		};
		249A49D928717D31000C7787 /* newappeUITests */ = {
			isa = PBXGroup;
			children = (
				249A49DA28717D31000C7787 /* newappeUITests.swift */,
				249A49DC28717D31000C7787 /* newappeUITestsLaunchTests.swift */,
			);
			path = newappeUITests;
			sourceTree = "<group>";
		};
/* End PBXGroup section */

/* Begin PBXNativeTarget section */
		249A49BB28717D2F000C7787 /* newappe */ = {
			isa = PBXNativeTarget;
			buildConfigurationList = 249A49E028717D31000C7787 /* Build configuration list for PBXNativeTarget "newappe" */;
			buildPhases = (
				249A49B828717D2F000C7787 /* Sources */,
				249A49B928717D2F000C7787 /* Frameworks */,
				249A49BA28717D2F000C7787 /* Resources */,
			);
			buildRules = (
			);
			dependencies = (
			);
			name = newappe;
			productName = newappe;
			productReference = 249A49BC28717D2F000C7787 /* newappe.app */;
			productType = "com.apple.product-type.application";
		};
		249A49CB28717D31000C7787 /* newappeTests */ = {
			isa = PBXNativeTarget;
			buildConfigurationList = 249A49E328717D31000C7787 /* Build configuration list for PBXNativeTarget "newappeTests" */;
			buildPhases = (
				249A49C828717D31000C7787 /* Sources */,
				249A49C928717D31000C7787 /* Frameworks */,
				249A49CA28717D31000C7787 /* Resources */,
			);
			buildRules = (
			);
			dependencies = (
				249A49CE28717D31000C7787 /* PBXTargetDependency */,
			);
			name = newappeTests;
			productName = newappeTests;
			productReference = 249A49CC28717D31000C7787 /* newappeTests.xctest */;
			productType = "com.apple.product-type.bundle.unit-test";
		};
		249A49D528717D31000C7787 /* newappeUITests */ = {
			isa = PBXNativeTarget;
			buildConfigurationList = 249A49E628717D31000C7787 /* Build configuration list for PBXNativeTarget "newappeUITests" */;
			buildPhases = (
				249A49D228717D31000C7787 /* Sources */,
				249A49D328717D31000C7787 /* Frameworks */,
				249A49D428717D31000C7787 /* Resources */,
			);
			buildRules = (
			);
			dependencies = (
				249A49D828717D31000C7787 /* PBXTargetDependency */,
			);
			name = newappeUITests;
			productName = newappeUITests;
			productReference = 249A49D628717D31000C7787 /* newappeUITests.xctest */;
			productType = "com.apple.product-type.bundle.ui-testing";
		};
/* End PBXNativeTarget section */

/* Begin PBXProject section */
		249A49B428717D2F000C7787 /* Project object */ = {
			isa = PBXProject;
			attributes = {
				BuildIndependentTargetsInParallel = 1;
				LastSwiftUpdateCheck = 1340;
				LastUpgradeCheck = 1340;
				TargetAttributes = {
					249A49BB28717D2F000C7787 = {
						CreatedOnToolsVersion = 13.4.1;
					};
					249A49CB28717D31000C7787 = {
						CreatedOnToolsVersion = 13.4.1;
						TestTargetID = 249A49BB28717D2F000C7787;
					};
					249A49D528717D31000C7787 = {
						CreatedOnToolsVersion = 13.4.1;
						TestTargetID = 249A49BB28717D2F000C7787;
					};
				};
			};
			buildConfigurationList = 249A49B728717D2F000C7787 /* Build configuration list for PBXProject "newappe" */;
			compatibilityVersion = "Xcode 13.0";
			developmentRegion = en;
			hasScannedForEncodings = 0;
			knownRegions = (
				en,
				Base,
			);
			mainGroup = 249A49B328717D2F000C7787;
			productRefGroup = 249A49BD28717D2F000C7787 /* Products */;
			projectDirPath = "";
			projectRoot = "";
			targets = (
				249A49BB28717D2F000C7787 /* newappe */,
				249A49CB28717D31000C7787 /* newappeTests */,
				249A49D528717D31000C7787 /* newappeUITests */,
			);
		};
/* End PBXProject section */

/* Begin PBXResourcesBuildPhase section */
		249A49BA28717D2F000C7787 /* Resources */ = {
			isa = PBXResourcesBuildPhase;
			buildActionMask = 2147483647;
			files = (
				249A49C728717D31000C7787 /* Preview Assets.xcassets in Resources */,
				249A49C428717D31000C7787 /* Assets.xcassets in Resources */,
			);
			runOnlyForDeploymentPostprocessing = 0;
		};
		249A49CA28717D31000C7787 /* Resources */ = {
			isa = PBXResourcesBuildPhase;
			buildActionMask = 2147483647;
			files = (
			);
			runOnlyForDeploymentPostprocessing = 0;
		};
		249A49D428717D31000C7787 /* Resources */ = {
			isa = PBXResourcesBuildPhase;
			buildActionMask = 2147483647;
			files = (
			);
			runOnlyForDeploymentPostprocessing = 0;
		};
/* End PBXResourcesBuildPhase section */

/* Begin PBXSourcesBuildPhase section */
		249A49B828717D2F000C7787 /* Sources */ = {
			isa = PBXSourcesBuildPhase;
			buildActionMask = 2147483647;
			files = (
				249A49EA2871EB4A000C7787 /* LandmarkList.swift in Sources */,
				249A49C028717D2F000C7787 /* newappeApp.swift in Sources */,
				249A49EC2871F68D000C7787 /* Landmark.swift in Sources */,
			);
			runOnlyForDeploymentPostprocessing = 0;
		};
		249A49C828717D31000C7787 /* Sources */ = {
			isa = PBXSourcesBuildPhase;
			buildActionMask = 2147483647;
			files = (
				249A49D128717D31000C7787 /* newappeTests.swift in Sources */,
			);
			runOnlyForDeploymentPostprocessing = 0;
		};
		249A49D228717D31000C7787 /* Sources */ = {
			isa = PBXSourcesBuildPhase;
			buildActionMask = 2147483647;
			files = (
				249A49DB28717D31000C7787 /* newappeUITests.swift in Sources */,
				249A49DD28717D31000C7787 /* newappeUITestsLaunchTests.swift in Sources */,
			);
			runOnlyForDeploymentPostprocessing = 0;
		};
/* End PBXSourcesBuildPhase section */

/* Begin PBXTargetDependency section */
		249A49CE28717D31000C7787 /* PBXTargetDependency */ = {
			isa = PBXTargetDependency;
			target = 249A49BB28717D2F000C7787 /* newappe */;
			targetProxy = 249A49CD28717D31000C7787 /* PBXContainerItemProxy */;
		};
		249A49D828717D31000C7787 /* PBXTargetDependency */ = {
			isa = PBXTargetDependency;
			target = 249A49BB28717D2F000C7787 /* newappe */;
			targetProxy = 249A49D728717D31000C7787 /* PBXContainerItemProxy */;
		};
/* End PBXTargetDependency section */

/* Begin XCBuildConfiguration section */
		249A49DE28717D31000C7787 /* Debug */ = {
			isa = XCBuildConfiguration;
			buildSettings = {
				ALWAYS_SEARCH_USER_PATHS = NO;
				CLANG_ANALYZER_NONNULL = YES;
				CLANG_ANALYZER_NUMBER_OBJECT_CONVERSION = YES_AGGRESSIVE;
				CLANG_CXX_LANGUAGE_STANDARD = "gnu++17";
				CLANG_ENABLE_MODULES = YES;
				CLANG_ENABLE_OBJC_ARC = YES;
				CLANG_ENABLE_OBJC_WEAK = YES;
				CLANG_WARN_BLOCK_CAPTURE_AUTORELEASING = YES;
				CLANG_WARN_BOOL_CONVERSION = YES;
				CLANG_WARN_COMMA = YES;
				CLANG_WARN_CONSTANT_CONVERSION = YES;
				CLANG_WARN_DEPRECATED_OBJC_IMPLEMENTATIONS = YES;
				CLANG_WARN_DIRECT_OBJC_ISA_USAGE = YES_ERROR;
				CLANG_WARN_DOCUMENTATION_COMMENTS = YES;
				CLANG_WARN_EMPTY_BODY = YES;
				CLANG_WARN_ENUM_CONVERSION = YES;
				CLANG_WARN_INFINITE_RECURSION = YES;
				CLANG_WARN_INT_CONVERSION = YES;
				CLANG_WARN_NON_LITERAL_NULL_CONVERSION = YES;
				CLANG_WARN_OBJC_IMPLICIT_RETAIN_SELF = YES;
				CLANG_WARN_OBJC_LITERAL_CONVERSION = YES;
				CLANG_WARN_OBJC_ROOT_CLASS = YES_ERROR;
				CLANG_WARN_QUOTED_INCLUDE_IN_FRAMEWORK_HEADER = YES;
				CLANG_WARN_RANGE_LOOP_ANALYSIS = YES;
				CLANG_WARN_STRICT_PROTOTYPES = YES;
				CLANG_WARN_SUSPICIOUS_MOVE = YES;
				CLANG_WARN_UNGUARDED_AVAILABILITY = YES_AGGRESSIVE;
				CLANG_WARN_UNREACHABLE_CODE = YES;
				CLANG_WARN__DUPLICATE_METHOD_MATCH = YES;
				COPY_PHASE_STRIP = NO;
				DEBUG_INFORMATION_FORMAT = dwarf;
				ENABLE_STRICT_OBJC_MSGSEND = YES;
				ENABLE_TESTABILITY = YES;
				GCC_C_LANGUAGE_STANDARD = gnu11;
				GCC_DYNAMIC_NO_PIC = NO;
				GCC_NO_COMMON_BLOCKS = YES;
				GCC_OPTIMIZATION_LEVEL = 0;
				GCC_PREPROCESSOR_DEFINITIONS = (
					"DEBUG=1",
					"$(inherited)",
				);
				GCC_WARN_64_TO_32_BIT_CONVERSION = YES;
				GCC_WARN_ABOUT_RETURN_TYPE = YES_ERROR;
				GCC_WARN_UNDECLARED_SELECTOR = YES;
				GCC_WARN_UNINITIALIZED_AUTOS = YES_AGGRESSIVE;
				GCC_WARN_UNUSED_FUNCTION = YES;
				GCC_WARN_UNUSED_VARIABLE = YES;
				IPHONEOS_DEPLOYMENT_TARGET = 15.5;
				MTL_ENABLE_DEBUG_INFO = INCLUDE_SOURCE;
				MTL_FAST_MATH = YES;
				ONLY_ACTIVE_ARCH = YES;
				SDKROOT = iphoneos;
				SWIFT_ACTIVE_COMPILATION_CONDITIONS = DEBUG;
				SWIFT_OPTIMIZATION_LEVEL = "-Onone";
			};
			name = Debug;
		};
		249A49DF28717D31000C7787 /* Release */ = {
			isa = XCBuildConfiguration;
			buildSettings = {
				ALWAYS_SEARCH_USER_PATHS = NO;
				CLANG_ANALYZER_NONNULL = YES;
				CLANG_ANALYZER_NUMBER_OBJECT_CONVERSION = YES_AGGRESSIVE;
				CLANG_CXX_LANGUAGE_STANDARD = "gnu++17";
				CLANG_ENABLE_MODULES = YES;
				CLANG_ENABLE_OBJC_ARC = YES;
				CLANG_ENABLE_OBJC_WEAK = YES;
				CLANG_WARN_BLOCK_CAPTURE_AUTORELEASING = YES;
				CLANG_WARN_BOOL_CONVERSION = YES;
				CLANG_WARN_COMMA = YES;
				CLANG_WARN_CONSTANT_CONVERSION = YES;
				CLANG_WARN_DEPRECATED_OBJC_IMPLEMENTATIONS = YES;
				CLANG_WARN_DIRECT_OBJC_ISA_USAGE = YES_ERROR;
				CLANG_WARN_DOCUMENTATION_COMMENTS = YES;
				CLANG_WARN_EMPTY_BODY = YES;
				CLANG_WARN_ENUM_CONVERSION = YES;
				CLANG_WARN_INFINITE_RECURSION = YES;
				CLANG_WARN_INT_CONVERSION = YES;
				CLANG_WARN_NON_LITERAL_NULL_CONVERSION = YES;
				CLANG_WARN_OBJC_IMPLICIT_RETAIN_SELF = YES;
				CLANG_WARN_OBJC_LITERAL_CONVERSION = YES;
				CLANG_WARN_OBJC_ROOT_CLASS = YES_ERROR;
				CLANG_WARN_QUOTED_INCLUDE_IN_FRAMEWORK_HEADER = YES;
				CLANG_WARN_RANGE_LOOP_ANALYSIS = YES;
				CLANG_WARN_STRICT_PROTOTYPES = YES;
				CLANG_WARN_SUSPICIOUS_MOVE = YES;
				CLANG_WARN_UNGUARDED_AVAILABILITY = YES_AGGRESSIVE;
				CLANG_WARN_UNREACHABLE_CODE = YES;
				CLANG_WARN__DUPLICATE_METHOD_MATCH = YES;
				COPY_PHASE_STRIP = NO;
				DEBUG_INFORMATION_FORMAT = "dwarf-with-dsym";
				ENABLE_NS_ASSERTIONS = NO;
				ENABLE_STRICT_OBJC_MSGSEND = YES;
				GCC_C_LANGUAGE_STANDARD = gnu11;
				GCC_NO_COMMON_BLOCKS = YES;
				GCC_WARN_64_TO_32_BIT_CONVERSION = YES;
				GCC_WARN_ABOUT_RETURN_TYPE = YES_ERROR;
				GCC_WARN_UNDECLARED_SELECTOR = YES;
				GCC_WARN_UNINITIALIZED_AUTOS = YES_AGGRESSIVE;
				GCC_WARN_UNUSED_FUNCTION = YES;
				GCC_WARN_UNUSED_VARIABLE = YES;
				IPHONEOS_DEPLOYMENT_TARGET = 15.5;
				MTL_ENABLE_DEBUG_INFO = NO;
				MTL_FAST_MATH = YES;
				SDKROOT = iphoneos;
				SWIFT_COMPILATION_MODE = wholemodule;
				SWIFT_OPTIMIZATION_LEVEL = "-O";
				VALIDATE_PRODUCT = YES;
			};
			name = Release;
		};
		249A49E128717D31000C7787 /* Debug */ = {
			isa = XCBuildConfiguration;
			buildSettings = {
				ASSETCATALOG_COMPILER_APPICON_NAME = AppIcon;
				ASSETCATALOG_COMPILER_GLOBAL_ACCENT_COLOR_NAME = AccentColor;
				CODE_SIGN_STYLE = Automatic;
				CURRENT_PROJECT_VERSION = 1;
				DEVELOPMENT_ASSET_PATHS = "\"newappe/Preview Content\"";
				ENABLE_PREVIEWS = YES;
				GENERATE_INFOPLIST_FILE = YES;
				INFOPLIST_KEY_UIApplicationSceneManifest_Generation = YES;
				INFOPLIST_KEY_UIApplicationSupportsIndirectInputEvents = YES;
				INFOPLIST_KEY_UILaunchScreen_Generation = YES;
				INFOPLIST_KEY_UISupportedInterfaceOrientations_iPad = "UIInterfaceOrientationPortrait UIInterfaceOrientationPortraitUpsideDown UIInterfaceOrientationLandscapeLeft UIInterfaceOrientationLandscapeRight";
				INFOPLIST_KEY_UISupportedInterfaceOrientations_iPhone = "UIInterfaceOrientationPortrait UIInterfaceOrientationLandscapeLeft UIInterfaceOrientationLandscapeRight";
				LD_RUNPATH_SEARCH_PATHS = (
					"$(inherited)",
					"@executable_path/Frameworks",
				);
				MARKETING_VERSION = 1.0;
				PRODUCT_BUNDLE_IDENTIFIER = com.newappe;
				PRODUCT_NAME = "$(TARGET_NAME)";
				SWIFT_EMIT_LOC_STRINGS = YES;
				SWIFT_VERSION = 5.0;
				TARGETED_DEVICE_FAMILY = "1,2";
			};
			name = Debug;
		};
		249A49E228717D31000C7787 /* Release */ = {
			isa = XCBuildConfiguration;
			buildSettings = {
				ASSETCATALOG_COMPILER_APPICON_NAME = AppIcon;
				ASSETCATALOG_COMPILER_GLOBAL_ACCENT_COLOR_NAME = AccentColor;
				CODE_SIGN_STYLE = Automatic;
				CURRENT_PROJECT_VERSION = 1;
				DEVELOPMENT_ASSET_PATHS = "\"newappe/Preview Content\"";
				ENABLE_PREVIEWS = YES;
				GENERATE_INFOPLIST_FILE = YES;
				INFOPLIST_KEY_UIApplicationSceneManifest_Generation = YES;
				INFOPLIST_KEY_UIApplicationSupportsIndirectInputEvents = YES;
				INFOPLIST_KEY_UILaunchScreen_Generation = YES;
				INFOPLIST_KEY_UISupportedInterfaceOrientations_iPad = "UIInterfaceOrientationPortrait UIInterfaceOrientationPortraitUpsideDown UIInterfaceOrientationLandscapeLeft UIInterfaceOrientationLandscapeRight";
				INFOPLIST_KEY_UISupportedInterfaceOrientations_iPhone = "UIInterfaceOrientationPortrait UIInterfaceOrientationLandscapeLeft UIInterfaceOrientationLandscapeRight";
				LD_RUNPATH_SEARCH_PATHS = (
					"$(inherited)",
					"@executable_path/Frameworks",
				);
				MARKETING_VERSION = 1.0;
				PRODUCT_BUNDLE_IDENTIFIER = com.newappe;
				PRODUCT_NAME = "$(TARGET_NAME)";
				SWIFT_EMIT_LOC_STRINGS = YES;
				SWIFT_VERSION = 5.0;
				TARGETED_DEVICE_FAMILY = "1,2";
			};
			name = Release;
		};
		249A49E428717D31000C7787 /* Debug */ = {
			isa = XCBuildConfiguration;
			buildSettings = {
				ALWAYS_EMBED_SWIFT_STANDARD_LIBRARIES = YES;
				BUNDLE_LOADER = "$(TEST_HOST)";
				CODE_SIGN_STYLE = Automatic;
				CURRENT_PROJECT_VERSION = 1;
				GENERATE_INFOPLIST_FILE = YES;
				IPHONEOS_DEPLOYMENT_TARGET = 15.5;
				MARKETING_VERSION = 1.0;
				PRODUCT_BUNDLE_IDENTIFIER = com.newappeTests;
				PRODUCT_NAME = "$(TARGET_NAME)";
				SWIFT_EMIT_LOC_STRINGS = NO;
				SWIFT_VERSION = 5.0;
				TARGETED_DEVICE_FAMILY = "1,2";
				TEST_HOST = "$(BUILT_PRODUCTS_DIR)/newappe.app/newappe";
			};
			name = Debug;
		};
		249A49E528717D31000C7787 /* Release */ = {
			isa = XCBuildConfiguration;
			buildSettings = {
				ALWAYS_EMBED_SWIFT_STANDARD_LIBRARIES = YES;
				BUNDLE_LOADER = "$(TEST_HOST)";
				CODE_SIGN_STYLE = Automatic;
				CURRENT_PROJECT_VERSION = 1;
				GENERATE_INFOPLIST_FILE = YES;
				IPHONEOS_DEPLOYMENT_TARGET = 15.5;
				MARKETING_VERSION = 1.0;
				PRODUCT_BUNDLE_IDENTIFIER = com.newappeTests;
				PRODUCT_NAME = "$(TARGET_NAME)";
				SWIFT_EMIT_LOC_STRINGS = NO;
				SWIFT_VERSION = 5.0;
				TARGETED_DEVICE_FAMILY = "1,2";
				TEST_HOST = "$(BUILT_PRODUCTS_DIR)/newappe.app/newappe";
			};
			name = Release;
		};
		249A49E728717D31000C7787 /* Debug */ = {
			isa = XCBuildConfiguration;
			buildSettings = {
				ALWAYS_EMBED_SWIFT_STANDARD_LIBRARIES = YES;
				CODE_SIGN_STYLE = Automatic;
				CURRENT_PROJECT_VERSION = 1;
				GENERATE_INFOPLIST_FILE = YES;
				MARKETING_VERSION = 1.0;
				PRODUCT_BUNDLE_IDENTIFIER = com.newappeUITests;
				PRODUCT_NAME = "$(TARGET_NAME)";
				SWIFT_EMIT_LOC_STRINGS = NO;
				SWIFT_VERSION = 5.0;
				TARGETED_DEVICE_FAMILY = "1,2";
				TEST_TARGET_NAME = newappe;
			};
			name = Debug;
		};
		249A49E828717D31000C7787 /* Release */ = {
			isa = XCBuildConfiguration;
			buildSettings = {
				ALWAYS_EMBED_SWIFT_STANDARD_LIBRARIES = YES;
				CODE_SIGN_STYLE = Automatic;
				CURRENT_PROJECT_VERSION = 1;
				GENERATE_INFOPLIST_FILE = YES;
				MARKETING_VERSION = 1.0;
				PRODUCT_BUNDLE_IDENTIFIER = com.newappeUITests;
				PRODUCT_NAME = "$(TARGET_NAME)";
				SWIFT_EMIT_LOC_STRINGS = NO;
				SWIFT_VERSION = 5.0;
				TARGETED_DEVICE_FAMILY = "1,2";
				TEST_TARGET_NAME = newappe;
			};
			name = Release;
		};
/* End XCBuildConfiguration section */

/* Begin XCConfigurationList section */
		249A49B728717D2F000C7787 /* Build configuration list for PBXProject "newappe" */ = {
			isa = XCConfigurationList;
			buildConfigurations = (
				249A49DE28717D31000C7787 /* Debug */,
				249A49DF28717D31000C7787 /* Release */,
			);
			defaultConfigurationIsVisible = 0;
			defaultConfigurationName = Release;
		};
		249A49E028717D31000C7787 /* Build configuration list for PBXNativeTarget "newappe" */ = {
			isa = XCConfigurationList;
			buildConfigurations = (
				249A49E128717D31000C7787 /* Debug */,
				249A49E228717D31000C7787 /* Release */,
			);
			defaultConfigurationIsVisible = 0;
			defaultConfigurationName = Release;
		};
		249A49E328717D31000C7787 /* Build configuration list for PBXNativeTarget "newappeTests" */ = {
			isa = XCConfigurationList;
			buildConfigurations = (
				249A49E428717D31000C7787 /* Debug */,
				249A49E528717D31000C7787 /* Release */,
			);
			defaultConfigurationIsVisible = 0;
			defaultConfigurationName = Release;
		};
		249A49E628717D31000C7787 /* Build configuration list for PBXNativeTarget "newappeUITests" */ = {
			isa = XCConfigurationList;
			buildConfigurations = (
				249A49E728717D31000C7787 /* Debug */,
				249A49E828717D31000C7787 /* Release */,
			);
			defaultConfigurationIsVisible = 0;
			defaultConfigurationName = Release;
		};
/* End XCConfigurationList section */
	};
	rootObject = 249A49B428717D2F000C7787 /* Project object */;
}
